
Microsoft Visual Studio Solution File, Format Version 12.00
# Visual Studio Version 17
VisualStudioVersion = 17.14.36212.18
MinimumVisualStudioVersion = 10.0.40219.1
Project("{FAE04EC0-301F-11D3-BF4B-00C04F79EFBC}") = "CopyTrading", "CopyTrading\CopyTrading.csproj", "{EA652498-6387-4967-9BB9-31948106A1E8}"
EndProject
Project("{2150E333-8FDC-42A3-9474-1A3956D46DE8}") = "SQLliteBD", "SQLliteBD", "{36D591C7-65C7-A0D1-1CBC-10CDE441BDC8}"
	ProjectSection(SolutionItems) = preProject
		SQLliteBD\CopyTraidingDB.db = SQLliteBD\CopyTraidingDB.db
	EndProjectSection
EndProject
Project("{2150E333-8FDC-42A3-9474-1A3956D46DE8}") = "Packages", "Packages", "{309A7FC5-EBB5-4564-B312-6DEA206C8385}"
EndProject
Global
	GlobalSection(SolutionConfigurationPlatforms) = preSolution
		Debug|Any CPU = Debug|Any CPU
		Release|Any CPU = Release|Any CPU
	EndGlobalSection
	GlobalSection(ProjectConfigurationPlatforms) = postSolution
		{EA652498-6387-4967-9BB9-31948106A1E8}.Debug|Any CPU.ActiveCfg = Debug|Any CPU
		{EA652498-6387-4967-9BB9-31948106A1E8}.Debug|Any CPU.Build.0 = Debug|Any CPU
		{EA652498-6387-4967-9BB9-31948106A1E8}.Release|Any CPU.ActiveCfg = Release|Any CPU
		{EA652498-6387-4967-9BB9-31948106A1E8}.Release|Any CPU.Build.0 = Release|Any CPU
	EndGlobalSection
	GlobalSection(SolutionProperties) = preSolution
		HideSolutionNode = FALSE
	EndGlobalSection
	GlobalSection(ExtensibilityGlobals) = postSolution
		SolutionGuid = {655339C2-CFDE-43E3-BFF9-EFE7ED82E0B4}
	EndGlobalSection
EndGlobal
